// !$*UTF8*$!
{
	archiveVersion = 1;
	classes = {
	};
	objectVersion = 46;
	objects = {

/* Begin PBXBuildFile section */
		F645F0FB1C10CD9A0097DABA /* AppDelegate.swift in Sources */ = {isa = PBXBuildFile; fileRef = F645F0FA1C10CD9A0097DABA /* AppDelegate.swift */; };
		F645F0FD1C10CD9A0097DABA /* ViewController.swift in Sources */ = {isa = PBXBuildFile; fileRef = F645F0FC1C10CD9A0097DABA /* ViewController.swift */; };
		F645F1001C10CD9A0097DABA /* Main.storyboard in Resources */ = {isa = PBXBuildFile; fileRef = F645F0FE1C10CD9A0097DABA /* Main.storyboard */; };
		F645F1021C10CD9A0097DABA /* Assets.xcassets in Resources */ = {isa = PBXBuildFile; fileRef = F645F1011C10CD9A0097DABA /* Assets.xcassets */; };
		F645F1051C10CD9A0097DABA /* LaunchScreen.storyboard in Resources */ = {isa = PBXBuildFile; fileRef = F645F1031C10CD9A0097DABA /* LaunchScreen.storyboard */; };
/* End PBXBuildFile section */

/* Begin PBXFileReference section */
		F645F0F71C10CD9A0097DABA /* superCool.app */ = {isa = PBXFileReference; explicitFileType = wrapper.application; includeInIndex = 0; path = superCool.app; sourceTree = BUILT_PRODUCTS_DIR; };
		F645F0FA1C10CD9A0097DABA /* AppDelegate.swift */ = {isa = PBXFileReference; lastKnownFileType = sourcecode.swift; path = AppDelegate.swift; sourceTree = "<group>"; };
		F645F0FC1C10CD9A0097DABA /* ViewController.swift */ = {isa = PBXFileReference; lastKnownFileType = sourcecode.swift; path = ViewController.swift; sourceTree = "<group>"; };
		F645F0FF1C10CD9A0097DABA /* Base */ = {isa = PBXFileReference; lastKnownFileType = file.storyboard; name = Base; path = Base.lproj/Main.storyboard; sourceTree = "<group>"; };
		F645F1011C10CD9A0097DABA /* Assets.xcassets */ = {isa = PBXFileReference; lastKnownFileType = folder.assetcatalog; path = Assets.xcassets; sourceTree = "<group>"; };
		F645F1041C10CD9A0097DABA /* Base */ = {isa = PBXFileReference; lastKnownFileType = file.storyboard; name = Base; path = Base.lproj/LaunchScreen.storyboard; sourceTree = "<group>"; };
		F645F1061C10CD9A0097DABA /* Info.plist */ = {isa = PBXFileReference; lastKnownFileType = text.plist.xml; path = Info.plist; sourceTree = "<group>"; };
/* End PBXFileReference section */

/* Begin PBXFrameworksBuildPhase section */
		F645F0F41C10CD9A0097DABA /* Frameworks */ = {
			isa = PBXFrameworksBuildPhase;
			buildActionMask = 2147483647;
			files = (
			);
			runOnlyForDeploymentPostprocessing = 0;
		};
/* End PBXFrameworksBuildPhase section */

/* Begin PBXGroup section */
		F645F0EE1C10CD9A0097DABA = {
			isa = PBXGroup;
			children = (
				F645F0F91C10CD9A0097DABA /* superCool */,
				F645F0F81C10CD9A0097DABA /* Products */,
			);
			sourceTree = "<group>";
		};
		F645F0F81C10CD9A0097DABA /* Products */ = {
			isa = PBXGroup;
			children = (
				F645F0F71C10CD9A0097DABA /* superCool.app */,
			);
			name = Products;
			sourceTree = "<group>";
		};
		F645F0F91C10CD9A0097DABA /* superCool */ = {
			isa = PBXGroup;
			children = (
				F645F0FA1C10CD9A0097DABA /* AppDelegate.swift */,
				F645F0FC1C10CD9A0097DABA /* ViewController.swift */,
				F645F0FE1C10CD9A0097DABA /* Main.storyboard */,
				F645F1011C10CD9A0097DABA /* Assets.xcassets */,
				F645F1031C10CD9A0097DABA /* LaunchScreen.storyboard */,
				F645F1061C10CD9A0097DABA /* Info.plist */,
			);
			path = superCool;
			sourceTree = "<group>";
		};
/* End PBXGroup section */

/* Begin PBXNativeTarget section */
		F645F0F61C10CD9A0097DABA /* superCool */ = {
			isa = PBXNativeTarget;
			buildConfigurationList = F645F1091C10CD9A0097DABA /* Build configuration list for PBXNativeTarget "superCool" */;
			buildPhases = (
				F645F0F31C10CD9A0097DABA /* Sources */,
				F645F0F41C10CD9A0097DABA /* Frameworks */,
				F645F0F51C10CD9A0097DABA /* Resources */,
			);
			buildRules = (
			);
			dependencies = (
			);
			name = superCool;
			productName = superCool;
			productReference = F645F0F71C10CD9A0097DABA /* superCool.app */;
			productType = "com.apple.product-type.application";
		};
/* End PBXNativeTarget section */

/* Begin PBXProject section */
		F645F0EF1C10CD9A0097DABA /* Project object */ = {
			isa = PBXProject;
			attributes = {
				LastSwiftUpdateCheck = 0710;
				LastUpgradeCheck = 0710;
				ORGANIZATIONNAME = "Jakob Hansen";
				TargetAttributes = {
					F645F0F61C10CD9A0097DABA = {
						CreatedOnToolsVersion = 7.1.1;
					};
				};
			};
			buildConfigurationList = F645F0F21C10CD9A0097DABA /* Build configuration list for PBXProject "superCool" */;
			compatibilityVersion = "Xcode 3.2";
			developmentRegion = English;
			hasScannedForEncodings = 0;
			knownRegions = (
				en,
				Base,
			);
			mainGroup = F645F0EE1C10CD9A0097DABA;
			productRefGroup = F645F0F81C10CD9A0097DABA /* Products */;
			projectDirPath = "";
			projectRoot = "";
			targets = (
				F645F0F61C10CD9A0097DABA /* superCool */,
			);
		};
/* End PBXProject section */

/* Begin PBXResourcesBuildPhase section */
		F645F0F51C10CD9A0097DABA /* Resources */ = {
			isa = PBXResourcesBuildPhase;
			buildActionMask = 2147483647;
			files = (
				F645F1051C10CD9A0097DABA /* LaunchScreen.storyboard in Resources */,
				F645F1021C10CD9A0097DABA /* Assets.xcassets in Resources */,
				F645F1001C10CD9A0097DABA /* Main.storyboard in Resources */,
			);
			runOnlyForDeploymentPostprocessing = 0;
		};
/* End PBXResourcesBuildPhase section */

/* Begin PBXSourcesBuildPhase section */
		F645F0F31C10CD9A0097DABA /* Sources */ = {
			isa = PBXSourcesBuildPhase;
			buildActionMask = 2147483647;
			files = (
				F645F0FD1C10CD9A0097DABA /* ViewController.swift in Sources */,
				F645F0FB1C10CD9A0097DABA /* AppDelegate.swift in Sources */,
			);
			runOnlyForDeploymentPostprocessing = 0;
		};
/* End PBXSourcesBuildPhase section */

/* Begin PBXVariantGroup section */
		F645F0FE1C10CD9A0097DABA /* Main.storyboard */ = {
			isa = PBXVariantGroup;
			children = (
				F645F0FF1C10CD9A0097DABA /* Base */,
			);
			name = Main.storyboard;
			sourceTree = "<group>";
		};
		F645F1031C10CD9A0097DABA /* LaunchScreen.storyboard */ = {
			isa = PBXVariantGroup;
			children = (
				F645F1041C10CD9A0097DABA /* Base */,
			);
			name = LaunchScreen.storyboard;
			sourceTree = "<group>";
		};
/* End PBXVariantGroup section */

/* Begin XCBuildConfiguration section */
		F645F1071C10CD9A0097DABA /* Debug */ = {
			isa = XCBuildConfiguration;
			buildSettings = {
				ALWAYS_SEARCH_USER_PATHS = NO;
				CLANG_CXX_LANGUAGE_STANDARD = "gnu++0x";
				CLANG_CXX_LIBRARY = "libc++";
				CLANG_ENABLE_MODULES = YES;
				CLANG_ENABLE_OBJC_ARC = YES;
				CLANG_WARN_BOOL_CONVERSION = YES;
				CLANG_WARN_CONSTANT_CONVERSION = YES;
				CLANG_WARN_DIRECT_OBJC_ISA_USAGE = YES_ERROR;
				CLANG_WARN_EMPTY_BODY = YES;
				CLANG_WARN_ENUM_CONVERSION = YES;
				CLANG_WARN_INT_CONVERSION = YES;
				CLANG_WARN_OBJC_ROOT_CLASS = YES_ERROR;
				CLANG_WARN_UNREACHABLE_CODE = YES;
				CLANG_WARN__DUPLICATE_METHOD_MATCH = YES;
				"CODE_SIGN_IDENTITY[sdk=iphoneos*]" = "iPhone Developer";
				COPY_PHASE_STRIP = NO;
				DEBUG_INFORMATION_FORMAT = dwarf;
				ENABLE_STRICT_OBJC_MSGSEND = YES;
				ENABLE_TESTABILITY = YES;
				GCC_C_LANGUAGE_STANDARD = gnu99;
				GCC_DYNAMIC_NO_PIC = NO;
				GCC_NO_COMMON_BLOCKS = YES;
				GCC_OPTIMIZATION_LEVEL = 0;
				GCC_PREPROCESSOR_DEFINITIONS = (
					"DEBUG=1",
					"$(inherited)",
				);
				GCC_WARN_64_TO_32_BIT_CONVERSION = YES;
				GCC_WARN_ABOUT_RETURN_TYPE = YES_ERROR;
				GCC_WARN_UNDECLARED_SELECTOR = YES;
				GCC_WARN_UNINITIALIZED_AUTOS = YES_AGGRESSIVE;
				GCC_WARN_UNUSED_FUNCTION = YES;
				GCC_WARN_UNUSED_VARIABLE = YES;
				IPHONEOS_DEPLOYMENT_TARGET = 9.1;
				MTL_ENABLE_DEBUG_INFO = YES;
				ONLY_ACTIVE_ARCH = YES;
				SDKROOT = iphoneos;
				SWIFT_OPTIMIZATION_LEVEL = "-Onone";
			};
			name = Debug;
		};
		F645F1081C10CD9A0097DABA /* Release */ = {
			isa = XCBuildConfiguration;
			buildSettings = {
				ALWAYS_SEARCH_USER_PATHS = NO;
				CLANG_CXX_LANGUAGE_STANDARD = "gnu++0x";
				CLANG_CXX_LIBRARY = "libc++";
				CLANG_ENABLE_MODULES = YES;
				CLANG_ENABLE_OBJC_ARC = YES;
				CLANG_WARN_BOOL_CONVERSION = YES;
				CLANG_WARN_CONSTANT_CONVERSION = YES;
				CLANG_WARN_DIRECT_OBJC_ISA_USAGE = YES_ERROR;
				CLANG_WARN_EMPTY_BODY = YES;
				CLANG_WARN_ENUM_CONVERSION = YES;
				CLANG_WARN_INT_CONVERSION = YES;
				CLANG_WARN_OBJC_ROOT_CLASS = YES_ERROR;
				CLANG_WARN_UNREACHABLE_CODE = YES;
				CLANG_WARN__DUPLICATE_METHOD_MATCH = YES;
				"CODE_SIGN_IDENTITY[sdk=iphoneos*]" = "iPhone Developer";
				COPY_PHASE_STRIP = NO;
				DEBUG_INFORMATION_FORMAT = "dwarf-with-dsym";
				ENABLE_NS_ASSERTIONS = NO;
				ENABLE_STRICT_OBJC_MSGSEND = YES;
				GCC_C_LANGUAGE_STANDARD = gnu99;
				GCC_NO_COMMON_BLOCKS = YES;
				GCC_WARN_64_TO_32_BIT_CONVERSION = YES;
				GCC_WARN_ABOUT_RETURN_TYPE = YES_ERROR;
				GCC_WARN_UNDECLARED_SELECTOR = YES;
				GCC_WARN_UNINITIALIZED_AUTOS = YES_AGGRESSIVE;
				GCC_WARN_UNUSED_FUNCTION = YES;
				GCC_WARN_UNUSED_VARIABLE = YES;
				IPHONEOS_DEPLOYMENT_TARGET = 9.1;
				MTL_ENABLE_DEBUG_INFO = NO;
				SDKROOT = iphoneos;
				VALIDATE_PRODUCT = YES;
			};
			name = Release;
		};
		F645F10A1C10CD9A0097DABA /* Debug */ = {
			isa = XCBuildConfiguration;
			buildSettings = {
				ASSETCATALOG_COMPILER_APPICON_NAME = AppIcon;
				INFOPLIST_FILE = superCool/Info.plist;
				LD_RUNPATH_SEARCH_PATHS = "$(inherited) @executable_path/Frameworks";
				PRODUCT_BUNDLE_IDENTIFIER = com.working.superCool;
				PRODUCT_NAME = "$(TARGET_NAME)";
			};
			name = Debug;
		};
		F645F10B1C10CD9A0097DABA /* Release */ = {
			isa = XCBuildConfiguration;
			buildSettings = {
				ASSETCATALOG_COMPILER_APPICON_NAME = AppIcon;
				INFOPLIST_FILE = superCool/Info.plist;
				LD_RUNPATH_SEARCH_PATHS = "$(inherited) @executable_path/Frameworks";
				PRODUCT_BUNDLE_IDENTIFIER = com.working.superCool;
				PRODUCT_NAME = "$(TARGET_NAME)";
			};
			name = Release;
		};
/* End XCBuildConfiguration section */

/* Begin XCConfigurationList section */
		F645F0F21C10CD9A0097DABA /* Build configuration list for PBXProject "superCool" */ = {
			isa = XCConfigurationList;
			buildConfigurations = (
				F645F1071C10CD9A0097DABA /* Debug */,
				F645F1081C10CD9A0097DABA /* Release */,
			);
			defaultConfigurationIsVisible = 0;
			defaultConfigurationName = Release;
		};
		F645F1091C10CD9A0097DABA /* Build configuration list for PBXNativeTarget "superCool" */ = {
			isa = XCConfigurationList;
			buildConfigurations = (
				F645F10A1C10CD9A0097DABA /* Debug */,
				F645F10B1C10CD9A0097DABA /* Release */,
			);
			defaultConfigurationIsVisible = 0;
		};
/* End XCConfigurationList section */
	};
	rootObject = F645F0EF1C10CD9A0097DABA /* Project object */;
}
